
Microsoft Visual Studio Solution File, Format Version 12.00
# Visual Studio Version 16
VisualStudioVersion = 16.0.30114.105
MinimumVisualStudioVersion = 10.0.40219.1
Project("{FAE04EC0-301F-11D3-BF4B-00C04F79EFBC}") = "Client", "Client\Client.csproj", "{45C7AE19-93FE-42DC-9B1C-CC41CBFB4EB2}"
EndProject
Project("{FAE04EC0-301F-11D3-BF4B-00C04F79EFBC}") = "Shared", "Shared\Shared.csproj", "{958F37A4-5919-41FC-911F-F58684E9B5AE}"
EndProject
Global
	GlobalSection(SolutionConfigurationPlatforms) = preSolution
		Debug|Any CPU = Debug|Any CPU
		Release|Any CPU = Release|Any CPU
	EndGlobalSection
	GlobalSection(SolutionProperties) = preSolution
		HideSolutionNode = FALSE
	EndGlobalSection
	GlobalSection(ProjectConfigurationPlatforms) = postSolution
		{45C7AE19-93FE-42DC-9B1C-CC41CBFB4EB2}.Debug|Any CPU.ActiveCfg = Debug|Any CPU
		{45C7AE19-93FE-42DC-9B1C-CC41CBFB4EB2}.Debug|Any CPU.Build.0 = Debug|Any CPU
		{45C7AE19-93FE-42DC-9B1C-CC41CBFB4EB2}.Release|Any CPU.ActiveCfg = Release|Any CPU
		{45C7AE19-93FE-42DC-9B1C-CC41CBFB4EB2}.Release|Any CPU.Build.0 = Release|Any CPU
		{958F37A4-5919-41FC-911F-F58684E9B5AE}.Debug|Any CPU.ActiveCfg = Debug|Any CPU
		{958F37A4-5919-41FC-911F-F58684E9B5AE}.Debug|Any CPU.Build.0 = Debug|Any CPU
		{958F37A4-5919-41FC-911F-F58684E9B5AE}.Release|Any CPU.ActiveCfg = Release|Any CPU
		{958F37A4-5919-41FC-911F-F58684E9B5AE}.Release|Any CPU.Build.0 = Release|Any CPU
	EndGlobalSection
EndGlobal
